{
  "name": "pentatrion-lib",
  "version": "0.2.0",
  "lockfileVersion": 2,
  "requires": true,
  "packages": {
    "": {
      "version": "0.2.0",
      "dependencies": {
        "mini-notifier": "^0.2.0"
      }
    },
    "node_modules/mini-notifier": {
      "version": "0.2.0",
      "resolved": "https://registry.npmjs.org/mini-notifier/-/mini-notifier-0.2.0.tgz",
      "integrity": "sha512-bUwA7ArU/Re7i6gv0R775PqqT83v0mfC57lM20SqxuhPAE6Ce2z8PBpfCVG4/IqoEwiAGl/BeubnLR1dv1rzpA=="
    }
  },
  "dependencies": {
    "mini-notifier": {
      "version": "0.2.0",
      "resolved": "https://registry.npmjs.org/mini-notifier/-/mini-notifier-0.2.0.tgz",
      "integrity": "sha512-bUwA7ArU/Re7i6gv0R775PqqT83v0mfC57lM20SqxuhPAE6Ce2z8PBpfCVG4/IqoEwiAGl/BeubnLR1dv1rzpA=="
    }
  }
}
